# This file was autogenerated by uv via the following command:
#    uv pip compile --universal --python-version 3.11 --generate-hashes requirements.txt -o requirements.lock
annotated-types==0.8.0 \
    --hash=sha256:13b2beaad985e05e2d6407ee4c4f35590b11f8d693a258a561055cac8f64cab7 \
    --hash=sha256:f072f4d804ea359e4eaf198b1af7a8b0943881a87f31bb764f8bf219bb9419e0
    # via pydantic
async-timeout==5.0.1 ; python_full_version < '3.11.3' \
    --hash=sha256:39e3809566ff85354557ec2398b55e096c8364bacac9405a7a1fa429e77fe76c \
    --hash=sha256:d9321a7a3d5a6a5e187e824d2fa0793ce379a202935782d555d6e9d2735677d3
    # via redis
certifi==2026.7.22 \
    --hash=sha256:62f22742b58a1a33014a2b6b706588a8d7e2a88ae7bd1a6ebe8c992928483775 \
    --hash=sha256:741e2c3b351ddf169a738da9f2c048608ff7f2c5cc02f1ebc6b118bb090d5d55
    # via curl-cffi
cffi==2.1.1 \
    --hash=sha256:046bfc24911b37851ee1b51aab8bffe713d89c68c6a057b09484ce9fd5f69b4e \
    --hash=sha256:06c72bb76605a4b0cd0aad6930b69d4baf7dd5d806cfc409b824191099700e66 \
    --hash=sha256:0beceaabe56af686895136a2de78db54ecd8e4046b236b8fd6d6cb61389e9bf2 \
    --hash=sha256:154852545011f779917b11c78db2358d095da62a9a172b78ad0a583ee5adc0d0 \
    --hash=sha256:194cffa889098ced9976c3fc6340305e43f6303657d298da55366907c05c22d6 \
    --hash=sha256:19ee6127ee34de7d83ce3d371ebc5ed91addbdcc39f9ab15ce4eb35a4e534971 \
    --hash=sha256:1a18a57b58cfb21fc28d72e876acf10eaed67a1ed96226f92af4df681d571c4c \
    --hash=sha256:1aa5645c30469b09530c4ebca77ebf8f17618293c58f8549cb1a543a50236e7d \
    --hash=sha256:1dea0e4d7d4f11f619fe8c1d76caf49e24405b4b5743c0e3be16a500ecd930c9 \
    --hash=sha256:208f941bb9d18e768138677f0a6d2ce01f590df56043dda1df1535ac57c88517 \
    --hash=sha256:210019b6c7cf07f081b4c54635c8cf744377001350e29cc0f81c4377b4797735 \
    --hash=sha256:246fa40ce8645a614ff682e0b70f37134e460eaf93a775e0cbe3cca585a67a80 \
    --hash=sha256:25792eac27877609e7bb06d42ff88278a6624fff2ba9bbb523c09616b117e80f \
    --hash=sha256:27350daa11d4f10c540e6e89dada4c54feb7256ad03e9a4dc075ebad7ba360d1 \
    --hash=sha256:28907ab9bfb6aa13184cfc17c6b8e1023c5ab6fd7076d8c20a35e59fe04f8f29 \
    --hash=sha256:2ae64be792b8966f2c69538199728b290e34726562896df1e5dc8ffd8d8188e8 \
    --hash=sha256:31348097ff5bbe827ccc41795d4dd099d9f0625e7def00ee653c137a490c2a6c \
    --hash=sha256:3143d81e29e1e20a9ce10901ec369012947876596f75a222235965f2b7ae832e \
    --hash=sha256:3222ba5d678f80a030e6afbcc33dc1ae5cb45facabb61cee2c7016b8432fde48 \
    --hash=sha256:3311ed60d36f83378794e1009ac6258bafbf81f7888b4caa7b35a521e3f95813 \
    --hash=sha256:334644fbac4eff73d985a17a91226df55d0f394160c4cfb880e084c8f7161cac \
    --hash=sha256:34e261f78cb6ceaaa36f42f2613f4380d94d9c759a9c73c769ee6e0247364632 \
    --hash=sha256:363e05fa78e15116c3c32c210ee36884fd6b9afa6d440e47112c3bd511d64cb6 \
    --hash=sha256:398aff33cee2767e3e781d2554c54bd0dff386bb437581e0d8011fde1a942ec1 \
    --hash=sha256:3d22a20b1fb1632cc72c22f95f7b0d2961c3e1c235f245ba4c606c4771035659 \
    --hash=sha256:42a494cee34437f05546455144f2b5d9ac09b1face62bcfce597d2e521066688 \
    --hash=sha256:42e2f76b9455f5a9a844f770bf3e200ed3da0e15f5df3db9c31fe80b04b3d004 \
    --hash=sha256:42f6930c31dc7f50732c9ae793c2786c7b6b044195967bbdde40bb9be81c4cc0 \
    --hash=sha256:456a61fa52d579ebf9df2e9552ead5129855dbaff6c1e5a9b1bc408809bdc062 \
    --hash=sha256:471cee653ae88de62096552e6d24ccb4a5adb8c8c9f10b5054d0122c15bf2779 \
    --hash=sha256:49cbc70e6542d4ccccb936558d1064a8012541e78f821f955cff24e357776c94 \
    --hash=sha256:4a7c934f7360e8cd64fe9efadcbd10c7c6364f531e432b9a4bf5ccbc9e0e8b50 \
    --hash=sha256:4be96343e422f2dfcd12ab5c9f5aebe03f82f737c6bffeca6830b3875cb44aab \
    --hash=sha256:4f42141fc14250de6dde5ee7ea4432be017252d91f19c5ad043c084cea629cac \
    --hash=sha256:507a24c282e0f42f8ed737cf048572cbf580468da5555764a8331735e9c736b6 \
    --hash=sha256:51b31d1c98274844cfd7838ce00bfc27c7423a4dc00fc0772fc3331c2cc90676 \
    --hash=sha256:58acb8ab8e295e6c5ea12f888cbb13cf21511ef2a3303a23f4325c29d17fe5c1 \
    --hash=sha256:5a59cc1c4442bc3d5c703bf720b51138d0bfc173618807c9ee2490a7541dd3d9 \
    --hash=sha256:5bb4e7ea95dcd6a014a6fef62e62467d67d8e582326443f3d68e71d6320a9fcf \
    --hash=sha256:5c58fe613dc5e5336357eff555824a314d8e43282600435c8d1cb6a7a2fedd13 \
    --hash=sha256:5e7cecbaadb83884793e05828cee59b210b24583b9c7425d0ba6a754fe22eb4e \
    --hash=sha256:616f097f2fe415bc92a247f02e11f634e1f9e9a83d327e3c915c15089c87869e \
    --hash=sha256:63bbfd5ded17c4840ac07cd8f1c21ba9d9708141f840b324f422f41b207e3973 \
    --hash=sha256:64faea20f4e2613363a1a9b9c7dd73058f3ecd00133a511e72ad7c511658f527 \
    --hash=sha256:661c298b4821edebead0c91edd2b00374d67ad7c5a1f7a91d4442633b79d6a72 \
    --hash=sha256:68e62fe11f30d5ca8289242866f0a5291402d8529ca2178ab8afc5c9694ae890 \
    --hash=sha256:6a8dddef476fab96d066d578fc88526767b836ab5ab21754e1d5bf3879c31c7c \
    --hash=sha256:6e192623c49c94421616a5778fba35cf0d5a8d000650c1967ef4448ee5cdd990 \
    --hash=sha256:7225e4514edb64eb6740324353e0da0711954fd8d7da4576755b1c6e09b697cd \
    --hash=sha256:75f80557d1389eddbd0de2681f6a390a0c5338c31ddaa821381c203fc3fd50d9 \
    --hash=sha256:770de9db11e84213beec501cfcaa013b019820ca881e03344dea5844f7876d94 \
    --hash=sha256:7750c6449dff7864bb9bb27ddfb0267756189201a3afc911d82b3caacd70dfc3 \
    --hash=sha256:7bde5e4cc5c10140859842b9d383af292b22639a4dffb725314baf45968cef80 \
    --hash=sha256:7ce713ace7c0e4520535b42b77eaa742c16dab813978064913e5a3cf82973b41 \
    --hash=sha256:7da0c5eff80f0197f3b3d1232ec5a682a9325f4ae9016a78f5f5ca35f9ced1f5 \
    --hash=sha256:7dbb61fe3a7699468030f71bbe5f8a0e326a151daa91beb11a6fc1f980c55e1c \
    --hash=sha256:811bd1e21d32de12efca32393a0ab3f5133b54fce9bd44b8bd77ab07da14bf6a \
    --hash=sha256:8ef53b2de9bcb9197d31854256575d59dbac0cba72ac627bb291ef5eceb74be4 \
    --hash=sha256:937c0052c05a31ca1daf18de3158eed4dbfcb9cc107adbea227728d647be701e \
    --hash=sha256:9d2055050ea716bd38b7f7f1579c275386646b4894c155a3e2f3cd62ed41b7c6 \
    --hash=sha256:9f8d177621de5cb38ee3e731eda45d421db093ec0739f46a5594babda7987a98 \
    --hash=sha256:a2d7755bef5a12ed488f4ef1f1b69ee9191d7396083b755a5d2295f6edb4768b \
    --hash=sha256:a48d62ab9d6f4f98c983223a547af44be6ca3691074c31cecced6facd3ba2dc1 \
    --hash=sha256:a4f00aa42f75d6e4595e8866e748cc1705adc0cddfeb2ca86d0d03993d63ba03 \
    --hash=sha256:a6e721d4b0e45d5b65e87534470e67b18dcd092c83f68fba09f152b9cbc061af \
    --hash=sha256:a730a083190634c65cca36ba5f489531576ebd79bcd5c8e172130f6453127231 \
    --hash=sha256:a931079504ecc49efed7744c476a5c343a92fabf66dec2db95edb1b2fdc770e2 \
    --hash=sha256:aa9511c62d14da7aacc9b4bf51f3f697a621e83b2d6919008243c3aad168eea3 \
    --hash=sha256:ab36d55f9ed2d067327667c2fea18dda018eb628dd6347aa01dda6cf1f5d3836 \
    --hash=sha256:ad2c86c495b899d862ea0f4b42891b8713a3bd45dd4105c7fd51c2a72f39f3a5 \
    --hash=sha256:aeae0e330c9f6acd681f647d46cefd30c29f93e3392882e792e82080c9691399 \
    --hash=sha256:b0431303acaea1089ad4b3e9ce4e6518193def1118d4073ca848635ee4ea2e96 \
    --hash=sha256:b5bdfd1c873d4e093aabc0ca84c4ca6dbc4f752afb5c86f146d9742580c9da2e \
    --hash=sha256:baed1e86cc735622097354b9d1281406caf42ff42a886d29faa8e8d1630333be \
    --hash=sha256:c1453022f490d2459a11819d83ad1d586e9ff65a12ac3e705ffebd46d3685dcf \
    --hash=sha256:c26608d2222fb1e94487e4a387d85f13eb55d5ed725cb25a0c589ac4ee60e7bc \
    --hash=sha256:c7659f22557c5a0bc4855cd635f55edec690cc008a40768527762cb9fb263455 \
    --hash=sha256:c8c69575568085ba0b1b10c0249d779a214aea6f6522e949a0fc9fb0fcb449d0 \
    --hash=sha256:c8d2c9fd1f2d16f780d15127abb050d13d1a76c03a4bd87d7e4980e45e511e12 \
    --hash=sha256:ca82be1a1d406ecfe1d25dc16cb33488e5a16bf4438c9fb590484ea29d92478b \
    --hash=sha256:cc572dace3f60ef98d7b12ff411d20f5362feb31a0439eab0085bbfd349982d7 \
    --hash=sha256:d18e5ac0f2f03f4f518d3e23db0f0cad7faa1da8620e9c09461d443bbf6e6692 \
    --hash=sha256:d28630f5854ab07ab1fd4aba756de52326c82e6be15d414b12793f1975048b54 \
    --hash=sha256:d9c275eaacd24aa73f94ffd6de08fc3f932424d8b6c376f4bed7cde376fe7bc3 \
    --hash=sha256:da0e573f9f97159390c89d9f1a9e41908b66d408cc5b58d08cf3847d844c531b \
    --hash=sha256:dd31f52ea1086513bb9df30f8fcee9b8918323ae067a3d5b78bc826a000712be \
    --hash=sha256:dddad92b554513a31f272570678ba307fb9f618f05e3d4a5eacafff9eae03e1d \
    --hash=sha256:df423d40ee8654634421812bc3b196da3f9bd7d32929da813f8394c4348a5358 \
    --hash=sha256:df913725b79db7bcf03448f36b7bf8815363417d5b58deecf9305e3e30f0f21a \
    --hash=sha256:e0bcb7e0f677f543555d2adff3bf19c05f66cdb4796e5ff602442ab2fe3c4ef7 \
    --hash=sha256:e2d65b31f36619cda3999b78b2aa9632e76b78448e7a56fc4240824200e7c4fc \
    --hash=sha256:e6e8cff14d6fb0be70a09c0bdc58096f501952d04624ebf867e0e56da2df8960 \
    --hash=sha256:f16c709686a78c727bbbf059f92b0bf41c6fc60deec706d2dc19f529175a6125 \
    --hash=sha256:f24fb43132a4c6b4cb4eb029492919b2db645be6808d738f244fd146c03c32cb \
    --hash=sha256:f53e442b08449d42821fa4a4fba000095af9f62742a500f978a9f557ec44339a \
    --hash=sha256:f5cfbc5fe74540d335175b656c725d74d90e3730c626d92575eea35029d9afaa \
    --hash=sha256:f81b3b8f3d4e343550fa4baa0e479bba9f2d29ce9c2e9b51d1ce1718d7442fcf \
    --hash=sha256:f8ec5e643a9a937f64e1999eb9f75d072263751912dc5cd06d3c85f8f44be7c3 \
    --hash=sha256:fb92203a88b3d3053034db775110081c49d28be6551923805e039924093761e4 \
    --hash=sha256:fcd22650c908d7b7da162bbfaab594a1227a15d1643a98c68b122ac642fa2264
    # via curl-cffi
curl-cffi==0.16.3 \
    --hash=sha256:01c31369b1c8063c7e459152c508c90de7a4218aa66ee3a1f575ae37ce44bc5a \
    --hash=sha256:0851e710608122a2716bdee35788bbd7e9d4a0fd42899b2bca9181277095af8e \
    --hash=sha256:0c8b70191dc88ea770a5c39d7e213bff1606e248c13566777e6527f0d8cf96ec \
    --hash=sha256:0f1f6878863fba393801e4d59b2f2766d1983b5c9d9dfa11d4becfd6a74cc937 \
    --hash=sha256:1d7e553442cefec100dfd1fca4ae7035ab6c094457244bf60a38670b8ac8185d \
    --hash=sha256:20a7b1b473371cfaf2118958034977e457c6fa279fbd11543c9e0ab58be9eedd \
    --hash=sha256:391096e903ec98b909bb355e008ec7c211d710b6a23663a7f1f10aa54a027538 \
    --hash=sha256:5a2ba880019f9e5a9e8f38ae22de6e4ea4c8d34a51ae4f1a2fce962c7b632006 \
    --hash=sha256:60621b3f561346046dd62be33abfb50c8b88a8007699d6b11d39ad4755312c4a \
    --hash=sha256:6cef43f248b3635de9b82337e0ed2c7403aa1506e51587144d552702eb9d0775 \
    --hash=sha256:72376595490c4822ad1a5360adb568660ca66dff4ba2c2de2912778c15f43edb \
    --hash=sha256:8055ec9d7c15237747be254739c40057e3684f56854e95c12aaf3c95838ba2d6 \
    --hash=sha256:82cc688349c8e8955d346cc5cc7759b68742edc587ae47ba5783a096502a7a92 \
    --hash=sha256:849026be5b36cf7b95d5fce63a84aa7b17248e83b4374e67715e7387ca2be50c \
    --hash=sha256:a875a661e2f9a949be29454880bbb9553307a487c4c08819738298cf5c1622e2 \
    --hash=sha256:b450fad876aa9f9ed3edfb6e3a48a8c28eafa66aae634eff17800a8b5006568d \
    --hash=sha256:d15d0c2a35f2d75bec430c28946c2a833f421c85773bdb0795182cc5c515665b \
    --hash=sha256:d5a4103f2baa1fcf619ec3101b419827d367044ba106b206228137cc71a5a9c5 \
    --hash=sha256:e1fffac4b5a02c5ec74d184d668c5b882f80fa1d961e7adba6e1755877af41e1 \
    --hash=sha256:f2795f0ef2e8cc0e6d702e52367af6600f5bcf10e44d683e256254adc7e3589f \
    --hash=sha256:f3b63da797912bc82911e34dfe449725514e4281527fb516931fc457087cfb44 \
    --hash=sha256:fe87b66e324ed7318166698e02169f3208dbda32b872a27d2bc61a9c19b335eb
    # via -r requirements.txt
hiredis==3.4.2 \
    --hash=sha256:018fdee902038f74b21e18a6d2fe7819bb63bdaec878d9d5f27280005b778ad7 \
    --hash=sha256:01a71476d6e43aa7c1f4fbb8a90acc1b850bd0a86391adf4c2fca8c11b57e7c4 \
    --hash=sha256:01cd885a5ccc6203922bedb6a735c01775c00c34c0549a259ec487569afef24c \
    --hash=sha256:02f4d79606ed8806e546c5231dc7615dd059066230d5ff1b8a0a7df19a0a75b1 \
    --hash=sha256:05d06f3edcdeb484aa47610fd520c07d637a763d4ab1cd7793550829afe27ccb \
    --hash=sha256:0982753ce798dcbe1eab076eac24aa1b84c4cd58abe861dee66114bcf3b3b68f \
    --hash=sha256:0d3cf403adf54701dfdb13192e8a0a323176e477a25d79ba5c2ad8dd8d6c9ef2 \
    --hash=sha256:0e85b48844452c708a8f1fff33a7c188d4b1c5aa883007f39b15e760e79caaf4 \
    --hash=sha256:0eccac460cb01deb9df8bea144cf3fadd7a8b331040c3eec30f996299c3aa9d7 \
    --hash=sha256:0f8e7d5fb7cf2d2e12c98b8e4a7844095db645660132eab821cb6cc39ef0a0e5 \
    --hash=sha256:12f05180d1dbc11647a11c967984873dd8baa7f4cdfc4f1b3eff42983fa80d4a \
    --hash=sha256:15c390302aebdd2dda6ad4a629ad5d6b6ce22b230f39ded3fb780f34851926a0 \
    --hash=sha256:16fd6f9ca52df9115d9ed94db1f70086c42e875eecc85797dd180f3834fea72f \
    --hash=sha256:1763391be97ca386f3e4b69be4d436afeda1d6a58a81086dad59de94eb1416a3 \
    --hash=sha256:20802bcdb4b08027372ba7351ba7d3fef02281dba197d02eb2a2490fdbd96a10 \
    --hash=sha256:21178d1b5c88451b37c20def635da1b3a1bacc82f80701a66ecc27c9c766584d \
    --hash=sha256:2410c5841903603566522abb07a608f55abb8634dd1d0ba19f661e159d9eda2f \
    --hash=sha256:241c6bc3c788910fcc82ea5f960f9c7b190f01bf1d3d00240de1db4fe0f69fee \
    --hash=sha256:254c880fbd087527c326ec7672562dde4ac9dfe1c38b2ce923a387858c7a2618 \
    --hash=sha256:258741a87fb551e58e5e008ffc989e1bc980b26e2156be365a12b7088b2c48c9 \
    --hash=sha256:283211d5f033bc962d85273a60f4dbf07f90d19813fcac47e9e82999c59d4053 \
    --hash=sha256:2868e8aaf3915c7d52717cbac00f46417474b52f3b7908fa95f717729a7aa577 \
    --hash=sha256:29b8d958dd76f25fa40a04bd9007fec354ca6a3592183acfbc869a880f0c7cae \
    --hash=sha256:2cef61ac178d82aa36757eed4882c07b5b74750d00b534f57f2f8db6262bf379 \
    --hash=sha256:2d7282fba5602013d11c068c0f6218c28b67c4c80064f0b3882ffaf0290bbfa9 \
    --hash=sha256:2d88b2e8c7cf63b52fe67d95a02660312add872697ad7ec2ad994a78ca2fe086 \
    --hash=sha256:2fde1d857f5a88353083bc73e5e1911d2a9a8fb369ac3f8d3bb86d9fe7f9d5e2 \
    --hash=sha256:30baf6c28f76cc5a2ab91613595c64837e428ccf57c19e908290fccf9b07003b \
    --hash=sha256:32d6b0a09b005ac6bbf0d5d7e869db5175a0cd8625a06bf2cd71b2c2ac0a9e11 \
    --hash=sha256:3905f8723307c114b3c3d7ec933005a7e6a65a99c34cfa378e5b93ff590c88dd \
    --hash=sha256:42d3279d01727b83d7d28c3ef419f912c489eb4814039b9a4db4f88f9bb11514 \
    --hash=sha256:452be53d414f3597b9343fbf253863105e55c625df339c65d5d44fc51de30b51 \
    --hash=sha256:4573c5adffd43cb39147287ec56c4d71d45253f7942c4b4a73c902215067acb7 \
    --hash=sha256:46bf795db56734f5168e10b243aa98fc2306b4804997410d843c869f250d28c4 \
    --hash=sha256:48f3b416df4b8fcf80f7e235e005f2c206ab4433c1752ba9c3cbc03f18249aa7 \
    --hash=sha256:4ab8ee294d20562d21c9617a458ab2c9571ec3c7abab8400b690b79d0b257803 \
    --hash=sha256:4b2481828fa9055da0c7b2babc65afdfba18f8725908bcee0f5ab3901d8565ba \
    --hash=sha256:4bbaa319ced137d13c6408f9f7425a8e20ad2c47334b5a4001f8e376b42015a2 \
    --hash=sha256:513df8c538e1fce9b4d4acacdbc869303a3ff107790db50abe305269ec084046 \
    --hash=sha256:51add939c00482b855b9ef6ea1354d4ea942f0c281f32aec514a94f07c3e2148 \
    --hash=sha256:5a369f9eb6ea0de0f739f43926c1534a39e17ac6878283b42bb066aa502029eb \
    --hash=sha256:66327fc25303baffc721f56ebc4e420e5c7eacdc0524743d672bab3ec808c4bd \
    --hash=sha256:6ad9d3ef58a3fde3f53cc4a0cc572bccb6e4ba0afdb9fa3e1f6462b0bd196f85 \
    --hash=sha256:6ddc3a98411e8e8b46d98e4619c4ee96072546cbfb8e309d2473951ba40df638 \
    --hash=sha256:6ec63cc01eb7f80a14b3aa4f5cba503ebbf04f6bb0340fecfe9758729c1f5240 \
    --hash=sha256:6f97183f6d8fbedc09f3b286f5a02b7be0d0cfd9d96d13397b1731d5e5557e8c \
    --hash=sha256:795b8809d8fbf63a85f9dd034ec7e8931e26aea5da608602f4e8da9fb1f01ad6 \
    --hash=sha256:7a62b12632088710e8e3a6e552d47f6b7edd35165a027a7bcf40dce7d318017c \
    --hash=sha256:7b7d9fe210e183a3a05ece8ee9422d4765d7403eeec2145c1948bd568d7ce339 \
    --hash=sha256:7d0d592d54e540648f6107d2744ae40bc637082c12dfe96778957200ab842831 \
    --hash=sha256:7eddd7484d6e4df15dc1ce09cf46081701ea865c0aa41f02cf2891ab1a8c65da \
    --hash=sha256:80820aa4885a82b045753e1e258761fcfe491e09d9fc182a45dea9f160878574 \
    --hash=sha256:87a33cd3930c6a72e3995a865f0ad0147209bbd58a99b497df7766f921a4773b \
    --hash=sha256:88c9c7d24031b617a214c506f80dac7b4cfebaa4bafda7d5b4fefec82eecfd5a \
    --hash=sha256:89d11728ca16590b3b851587f99dd9d2101974f66d94bfd07c38b0578e486841 \
    --hash=sha256:8bdec17c14272b3420d458ef7db9fac1ec3d3cacb39a6a6f860adf1c6c0a450f \
    --hash=sha256:8eb39edbe4268e8258d2d40aa786183948d12f32c478e4331804300871a8b294 \
    --hash=sha256:92140e4bdc835fafb069f5f3e08353e1140e8c2e9f6c20637a667ef8da755e58 \
    --hash=sha256:92329ad22182fcb1c0bce521fb0ea4ed51b243a1d9e8dd0b87b68072c7a52026 \
    --hash=sha256:93909eb7d3389a80e2774133c297c0ec356e7cabd1c37742f2629501a8e555cb \
    --hash=sha256:942eecdef02f259e6f65a6848956a3ec9a779327e73c300dd090a4fc7f108337 \
    --hash=sha256:9654db17a57dd8778fba861541f51242bf3235c7675bebc4e26dfce58267dfbc \
    --hash=sha256:98abe643d8b1e62d01fa8fe7fb55fb4294559098b4e00bd132cfb3fc30240034 \
    --hash=sha256:99977c00ba4c1df76325a11281ceac8b4f6f736235d01344242728835b07cff4 \
    --hash=sha256:9a566dc70e9dd84be3550babc56a8e109bb65cafcac635aea027fa425196a7d7 \
    --hash=sha256:9f298b8a2c2af3166a7381c3d9b6a80c3bf2cf38785dbe06bf030882584eb4f8 \
    --hash=sha256:a1805792e7d7ee0751f2b44653714d214ae53b46be35b0e17b31e8031eef8f43 \
    --hash=sha256:a68d8deeed06cf548d34bedd9ab23bd13237026bb2c31a4864b02d4da8c67d10 \
    --hash=sha256:a6c5e6ba07baab7a7c7701cd7bac5c9d6ec40c9ca1143811aadfc8af408a3584 \
    --hash=sha256:aa9fef272956109d72a46016f2ca8431d8af36fcf9cd155da53aeba642d201e7 \
    --hash=sha256:aceac21b50c787a1b6ef5cfe5a28ddb6e4acdd298321ffa6477b14db4e1c3c66 \
    --hash=sha256:ada273934e4ab333527a991e49fd38b0c806f08c7c2ddb83785b8197eb644cb9 \
    --hash=sha256:b0d4c9aaeaadcc0c20bd58ac194657acb00f730384717c7bfbdd1cee30f13cad \
    --hash=sha256:b26e282e82a9f350c6a5858bf54380419d5bfe2a11553f7f235ee18318d49326 \
    --hash=sha256:b36443b051240bc1256fa98eb630bf996ff7d0b9e13e06a9797c6db8551245a0 \
    --hash=sha256:b4cf7924e86c5f9d4e212d9643a99e607008628941e771df015c72cd6dc4d15e \
    --hash=sha256:b57d5f0e08e901a0fb74141adf80f01c382d6214f2fd1ee3cc9dc9c64467820b \
    --hash=sha256:b5c44386f45ae56e5648793ba64371533308e4290f9ce2fbb66ed9de10eb982e \
    --hash=sha256:b5ea3875d66c8d335edc12d65f029d2a016ca6484ac69e9095f4e4623ea3d107 \
    --hash=sha256:b6cf8da161ee3e040a1c149534641a96168558260438fe865092c54592e29e74 \
    --hash=sha256:b9210f8e7f1b9e74b46f6073daec0b35fd670e9595377b4df8f7369083ab9e4d \
    --hash=sha256:bc7275bb05bcb18805fede5838e653511b78962bc773ba2ffaa0af6171f43350 \
    --hash=sha256:bd001a392a746599a441ff2ffe731bda102e69466c8ccd06c759842a10c81a14 \
    --hash=sha256:bdf6f55350eef61f9e55a3e25cfbad5e1652ab5201f9437fd6bc4cbba3d68324 \
    --hash=sha256:be3cb13b3b69371e0ed298ea045b3ceb88ab3aa188049d892933c6119a2847c6 \
    --hash=sha256:c2827a5989126ab1f31f62ba2c568e185c570748a93984ab42ccd560babc3f50 \
    --hash=sha256:c3d6461763b3e54362c5a8e40a1d4df8dfd43f4c49400596abf2bd146fe90793 \
    --hash=sha256:c41358ac35ed6550e53c9aaec05a39c3be9a87bbce0628893e40a7ce76772d03 \
    --hash=sha256:c5808e4319d5a15621b7dbd64853de5c0fb4e14a18104633d27c9c10d1903aab \
    --hash=sha256:c6ad7f1c2759481e1d6cd8bba38b983e0a2e1e49d8050e7afd81eedad72fe6f9 \
    --hash=sha256:cb77af56294f501cb9357afecc7fa9b63c6ad8becca7911eb01352003020d10e \
    --hash=sha256:cc9bddb1d4cbd9a926197225c746a526f3f1d0402f9c64ea03d8fb75c599cfe2 \
    --hash=sha256:ccfdf4072f3997259f3e43e1618fffb0fc5b067fb594938227276583f4a509fb \
    --hash=sha256:ccff5bb35017adab43a8aeb29183e29e044762fe544b17d86144102527073ae5 \
    --hash=sha256:cdd19191555763455d34d63697becfe480a5bb907a33fe90e5505fadfd7bc9ae \
    --hash=sha256:d02fc10d3adb12a299833cc2dcd7f51cf204193b833224b956bcbe447f08ba06 \
    --hash=sha256:d24aa3d880eb9e122235b45a0a91afc80cb83c463d8ff9dffa33159e45fe5107 \
    --hash=sha256:d65b43a239ea12d134d7f637f9229274dbb42a719579d4a451c27b44119aa6ac \
    --hash=sha256:d7a6a3b3941b102ef384f6269a7e99e069258a7d91b74a3d5ff2a0f214d5cdce \
    --hash=sha256:ddfdd5006d1cbe2ee961852b90f89d676b44dd8e0eb2f032dc2383c16a54bfc9 \
    --hash=sha256:de48b33d4aef8389ff651eb0f0b761bf3962021d7719209ab2edd9ea85106b4b \
    --hash=sha256:e51b8df8a65446f22f9bf07def9d0acdb549ed19e5e5670715e1ef09dfba115b \
    --hash=sha256:e73df0ec7e2439770630281ea89409f5ca8d7ae1144eaa5a11793186d778d956 \
    --hash=sha256:e8f8d3ec07e3a1af1a636e0a976e5f353c11c446203cd7ce9c5f1fd93cfd56b6 \
    --hash=sha256:eb027b6a9b362840af05713f1d6c33969d106d93a8677398b35034c9f9c18c76 \
    --hash=sha256:eb98b46a781a960bc9044050cc166e38c19b327a7a8c62afee9c78d72d80dd18 \
    --hash=sha256:f36e5326fb63aa441d8463b8215027bc0d07568c91dabffd50b8d5b90661cf92 \
    --hash=sha256:f5ccfd4cfb09c8e9279fd7d16487f89f5b0d665624f641c8fb15f38cad52c4f6 \
    --hash=sha256:faddfbe59083f152a27a538e464977ed82a316d1d809887763e1368dc95cb9dc \
    --hash=sha256:fc446964ce1ae16ca7689b27991dfb769094531e69f3972e2eaaf03f19037a1e \
    --hash=sha256:fcfa95152466f3512da7c4b0a5858b2fbb82a9d5e0af45aa22fb0c4b0c675ccf \
    --hash=sha256:ffb2c83c42360d3b77d6a152e206ef8623d5085b157c9bea30ad09378b37e183
    # via redis
pycparser==3.1 ; implementation_name != 'PyPy' \
    --hash=sha256:b3fc6dec06a8b2fefa0ed4ff92285306a5e3be9987bc5603c9edbdc4e492418f \
    --hash=sha256:f09d358c840bd147b79e55f2bc494f18ea869dc897f5852a8f5766b74f787882
    # via cffi
pydantic==2.14.0 \
    --hash=sha256:15fab1bea6f1dc5003b54fc2ecab230c1fd1dbade2acd4addc52d81e32416d4b \
    --hash=sha256:8a51a7aaddd60f55566d1f07bdd87b92b463903f39a8f26b71a06314cd1548ae
    # via
    #   -r requirements.txt
    #   pydantic-settings
pydantic-core==2.50.0 \
    --hash=sha256:00963fde61cf8880d9e7b5635a9830e0591edfa45168447fdc5b47635c0f6437 \
    --hash=sha256:01340f4fbb4f854b1f36a6fe9dcd2b26c8936aead4e4ad1205624ac025c875fc \
    --hash=sha256:02ec3675d606a355523e1c52bf5aa4116776f8d273dba03d8336a5a3ae984e15 \
    --hash=sha256:031867348c98ab49c6d3a16ad39738369ea48da59900d76d71c1e64de71fe79b \
    --hash=sha256:0393763d66f6f61715488d074a2cefac04aeb3ee281e36fb4925dd44deaf9e17 \
    --hash=sha256:049b0404792dcb942f1092bfdae5f819ef30445b0d174782e1909fbdd91bb48b \
    --hash=sha256:0abe1b44d361b948404b6b2ed80be2583e0077340572e071afa6e0eda4e1de30 \
    --hash=sha256:0def1dc09802a790e4a1b3cbc4401f0b53c58f273ce3671df9867f7bdf1fbe20 \
    --hash=sha256:0fdeda6272d60b1f6fb63f6a3dade55e274af62e1514d24a6549a12150c385cc \
    --hash=sha256:1541c334af5d42cb9eb03862a9b4d2cfbfc670fd05172ec51f3ce02d704550f1 \
    --hash=sha256:158749408ee19682b8a2a7e7135cced7f41d6f2f9de96088b1b1609858a6a158 \
    --hash=sha256:1751e92d56fbb623b937d73985e500b1a2b1053e56f718a6c564660d99bb9cb0 \
    --hash=sha256:1773001198030e16f946a7ff7760fc3ebd45b12150f66fd0f433780043dc13d8 \
    --hash=sha256:17a5ca9c197788a6424749a09a3dce824cb2c17b72f835f8a5e330935b973609 \
    --hash=sha256:1bbd7da16d8b2912cc56c9d0b85c4998a6cbf39b220f81c0d8c397c64672ae0e \
    --hash=sha256:2092ce156f92aff17e3345baba2b7c0c1701f32ba922c5de71bd6248fbe164e3 \
    --hash=sha256:21b62d45f327eb0802f842c132fda6d01a8376a8077922dc4dda69011c64d34a \
    --hash=sha256:21e38a011783d8afc8b9d79928e273d06f349b52ae84edf63ec18ad07f077484 \
    --hash=sha256:23e0940b7d73f405d92e98b2a05b93b16db163be13b7478bb19e1db2e486ade6 \
    --hash=sha256:24302bf47319a64e5c5c7c29e971d2b7a20a190c64e59035a3df9582dec636fa \
    --hash=sha256:243088c95e23b12db9f2cd7661d584a3f00814e087489f40cde7f9feac56b694 \
    --hash=sha256:2568b190075acd058513dca34f7fddc7252fc958c1591cb67a554338fc9a81b2 \
    --hash=sha256:2918547195ffb20118b829fdb8938e9dc92c9527fe6cbe58572594c96362880e \
    --hash=sha256:2f28a5a299d4cefd1066a6883d22600b9ae3606f881c3015d255784634647580 \
    --hash=sha256:34a4a0938eb30931baca56e55786c5a6871ac7aa891a38c8cabcdb7e49dab91b \
    --hash=sha256:350001f5573451150d919722ee095aa28bec037d6e23b86d7f04581a910fe924 \
    --hash=sha256:364f62d8024997536e57865cb1c8b36effad3249bf392a29a2379ea69db28238 \
    --hash=sha256:36c49d4e1769127461b609f110d91963790091ffcc2de401ac1d3b2f6a63bd54 \
    --hash=sha256:36f9ed6ae1069913e4f6e86d8233e119e83e00a20c54f88faf9c81292f2fecc0 \
    --hash=sha256:38b03c5439c6a7a952f56e3e6596dae44bc78c3fb6a69df46cabfb2f888e5f0c \
    --hash=sha256:3b2f3e44af4c6512dd73557621385a71b18094c8be81d60e5a8e73a8ce96b7f4 \
    --hash=sha256:3fce74add1099da1ea09473268950270071fd56773e2968604efb3ab1d240e02 \
    --hash=sha256:41b9f2821f0a105f88cd54ad03fe1392ec600618ffa8610f7c5e466ecd98c531 \
    --hash=sha256:42a56b0052ac11d9d0d87b1c94a1ce52e31914fd133f269585e0f63a4ed988f2 \
    --hash=sha256:42fff617cb0b08505d8123d71e6e7a8e54210d9007498f564855bd843ce984b1 \
    --hash=sha256:468f7e67cfbd8231f442af6726449efe46f2be0e5a57b44fba7ccd92c6f121c4 \
    --hash=sha256:4b1bae96f41806b14dd8bb1568d39b5e33b5af7fb27f7be36c78b8fa84708917 \
    --hash=sha256:4f31af62efd1fd0257735b72e6716b32d4f207654adeabfe524d44baf1bb6bed \
    --hash=sha256:4f96ccd9368ecbf6685d8f6981584ab72b4f0ffd20685e747737e7e340277b8d \
    --hash=sha256:4faa766450ef44d9eabed5b65a280f63f903d1e1ed6d2e278961eb22345ec49f \
    --hash=sha256:50920d66aaab60dbc6023c3035d55fbabfa58b6d205d0b39d47d820c4a7a13a8 \
    --hash=sha256:5307a8bd49158b57a0ca4e10950d31085aa35d9007e934047043ccc6d28eea97 \
    --hash=sha256:55684bc850059fc85ff8dc21a3e342b722d3178993c49ebdfdee8b698a432720 \
    --hash=sha256:56178c4116fc0c859786875ff4acc1c8d52678f095c312b0eff2a2dd9d6f8d5f \
    --hash=sha256:57c0e5b26d82bf31ab2b044781527b1b1a36e9ed400856b6aca5097eb1abb909 \
    --hash=sha256:586699b43066ca6038f96bd71d0eff0b6c292929e3d66ff63d5dc79d0f06d589 \
    --hash=sha256:588d309ce5c85448379556d72011b191c0414ee2e80d7c3f1ebe2ceb2d9027b1 \
    --hash=sha256:593dd4f24abeb3ed90222f98bc6eefcac68cd5aa96fc7745f93862a802952bce \
    --hash=sha256:59f816dc04e99627a5a6352ae51dfb30e603f2cb0b7009c91dc640c533def014 \
    --hash=sha256:5a07c644047f5abc268b4c39f8cb5a30e08a3c349228cb70142c7d3ed87587c0 \
    --hash=sha256:5a8403eef4a66743e339102fb3cdd8c8b9016b8bd67924685893d062c88896f9 \
    --hash=sha256:5d0b210c871486f5acb56d87bf00e3c5d83aab6a1ef3042629fa6ae0172fcf47 \
    --hash=sha256:5dbf9f18c8af11db719e67633be0af556d7d765bee0ca9419bd706fe4b7ed9fe \
    --hash=sha256:610e9f483ac53c5cc59c2d3687224029b54eb494feec2d40a2bcfdd187635192 \
    --hash=sha256:62a93a9d206a3580c975c3c1f65a869cd063844d016c004f8d786a9309b3c591 \
    --hash=sha256:62ec6568896e0abf258cbcd22c406c1c8bf27d16224b21bec8f75c4ae88a8173 \
    --hash=sha256:63263d64884688554fb025a3906c7b00573980cfee75f9afeb86239d577384bc \
    --hash=sha256:68421ba548f6d86c7dededd70bfe530b4faf67eb811c53c70a1be69438d3ce99 \
    --hash=sha256:6e1ec4176c3b56017745937dfd4a3ec6df55f7f0e66991124499f3f79f8f8d1f \
    --hash=sha256:70df7ff903aea05383298715ea53551c8f27c8f70cbe54ba7f05606cd822e7e4 \
    --hash=sha256:71061800a3c225e730f7997f8a7fad6e0d0dcbe36609cdc7e60576a099a2832b \
    --hash=sha256:718d05d4e078c7828f40ad3e310870fe4b837d93a32e7e8497a080c1f1040490 \
    --hash=sha256:732efbb50977ab7cf18f01d4c255834aeb14cb2425459f7bff681a1ba3a4ffa1 \
    --hash=sha256:74cbb6cbd74445ca279668790e0c10eccac0428fd79fe061fce6c9e3982ad3fe \
    --hash=sha256:753863dd4317ec8cc9eb3e6d9d01a8ef1a1726a8003b4354658d68a1ae05f9db \
    --hash=sha256:75b451ec5e64a1d4b803317f34710131742ff2e42f4bf5403f597d0af857d7d8 \
    --hash=sha256:779b6c74526596a86d38248dedaecfb7851bbaf319c234be042c57acddd2c8c4 \
    --hash=sha256:7987866a2569396e6765c54d643fd6a7b3b234e89ee8d45a3729a7b4b2726145 \
    --hash=sha256:79e8fc9c135ef628c45cb8aa5deef8d21de13d33bb4c59a859fa73d335ceb40a \
    --hash=sha256:7eee44c3f1f8acc220a743a5ed5588949a4f18b33df4cfbef2b1277470285401 \
    --hash=sha256:8447678b49412294801c9ea15ae31ea3bae7da65425268c92d40e032c38eac6f \
    --hash=sha256:84d2d38f7d163c4dec292f379e9de1960c661795442aca6c90d706436cb3749e \
    --hash=sha256:8ab9e74878172948e0426e3d27fba333fd6a1c3f9456d8e75643e8e6868ac1a1 \
    --hash=sha256:8ad8dad549cd1645be591a50b4573995ee7e018f6619ddc2bc6ea44b2ad9f694 \
    --hash=sha256:8b16e164205a90b1050d2f5469f8a7829db7698ad198c69e6aab6cbfb5648b87 \
    --hash=sha256:8f16bc5bb12f4c581b0f40facc28dbf286db32d1bf4e7e4f4c4e0f7f4e34ecf9 \
    --hash=sha256:8facaf0a16121ac82cc403a71399a061b74624c1ae2034eec9ed6169c5d16ecb \
    --hash=sha256:90874428bc6678b26434336c77931c9734ecebedf50132c179205e5a9908761d \
    --hash=sha256:92016718bcf3e6f35a6bd986880191a8da7a35aa1f5b1e97544582ef938464cf \
    --hash=sha256:9279f4be22bc3765dd9f61f5b4d38d9cb219d167bbd6f2e0ffa3368b1b71b4d1 \
    --hash=sha256:933f2d639eb81a3e1f145aec415453cc00983236629933f028d9507222583a2e \
    --hash=sha256:93502b3c762149a5904316ef52f0ed1ea721e0f4c8431f964f140ed15fa61926 \
    --hash=sha256:955d7878130dfc124d6a5343e1b87d2933244fe14a4a0a3e98787e8e660a8eb4 \
    --hash=sha256:980c81c2ec53ea9eb2227c14b3e6de35670b2de163b638f2a803e90a3bd5bbb0 \
    --hash=sha256:99e203d5c2a814facef78dcd993b0fb7a933124a3475a38979fc09cceae210b7 \
    --hash=sha256:a2b88f9f9fa52e1c34938ff1a18ee7fbffe482df0bb43c087a9a60578d273d68 \
    --hash=sha256:a3e8ee6386f6b68e2f818ccf422ccfafc59bcff10862b52c7819db3aa0352dfc \
    --hash=sha256:a7080928078ff56c07da393392f772054e93a39c8033dc9c04547bd949f9b614 \
    --hash=sha256:a8ee3965e01f10e4ff92ba1727626328ab7ba93bcd5674ff2b78ea1048ee0cea \
    --hash=sha256:ab3f95f737fc1b258b8210308fc02ce1442cf5950cf6d30b09ad89ab9e8afebd \
    --hash=sha256:ac223ea031905319a64d0df116979ae438b42d6265862a3d63c9f9808c2905a7 \
    --hash=sha256:ad3532291deedfdfcad3cf5d351d0076d646c68a0c63869a1bebf87c22159600 \
    --hash=sha256:ad9185366893714cd4514ae5e1a098227704fa395cb41a7855d75968ecedc826 \
    --hash=sha256:ae45853d25a23fba56681d2f9ed41f3e3f12f0a3b2393fefa08ff6406320a1f5 \
    --hash=sha256:af2b808a79bb04075e87c81a5b6179365b93f9a851f29dafd67abff72085d0c8 \
    --hash=sha256:b123f9d8702106f39dc3af63a031ca8b5279862a3747ec6c03ca49dbe78b71b9 \
    --hash=sha256:b1399f918aea8fb76ffa99b474c9b768accea1f079fde407ee538bec89f20fa7 \
    --hash=sha256:b916ff828d604d4311a5639b7b3da51eaea3923833ec3e300a5ee35eade99691 \
    --hash=sha256:b9be297ffe1015bfb2db4a23b6e1fec7e48361cf7c7b4f4f6bbdd008451b0a7b \
    --hash=sha256:bc87bd34239835c8d73171acd039e591cea0a2ca8615e6188044ad170a40fca1 \
    --hash=sha256:bd841dcf394ff261c26763a9d7be754176d4f1e6d26cb2a5d5331e91b6b56a5f \
    --hash=sha256:bdd70c2d9e73bca09fad54605dfeaae2b4e770b2800c65f5f5342901ed567b9f \
    --hash=sha256:c05b75ef3574c9ee4e05bbcf8513f7ccb155d426514be9efef5f6f53152d5f5c \
    --hash=sha256:c05d035e72530f6b00297941b0162218601542b76870c3bf2756bd87f16fc538 \
    --hash=sha256:c19500343957f254ecf3e60174f4a4cdd21690e0e1677740a8017d28ab2a2a4b \
    --hash=sha256:c21e6a6e4e6d32fb6acbc4f0fa69e8319cac0d65eeaa8298d757371cc2a9c687 \
    --hash=sha256:c2b246fa7cbdf9918488d1542a82bbb928cf71bcba66905c24131981e759ff0b \
    --hash=sha256:c2e97985641fe53ad7824d1b5bfeb7990a5ff788c4559ee44d7522642560ddc2 \
    --hash=sha256:c3ae59461625518449f800acc4f874753ae96fcf993c47a27be07beb651371fd \
    --hash=sha256:c4abc425789f8540e86ca4cfdbc8dc650433cc2ac7c6136fee9bcb29d5665a02 \
    --hash=sha256:cb4fcaabb28cabf21396a9b816b9afe091f8c776805fdf03e2cbc606b64dfa7c \
    --hash=sha256:cbce1b5a2a88a465d7865df61b7e4f8829ddc49b4fa841e9b241815c9d67c3b2 \
    --hash=sha256:cf150693a51ca21e8288cd08a9de05e5ab331776dfcfd0537b14523338f0502a \
    --hash=sha256:cf81432281af66ba3285b26b09c2d478d84730dc50ff90926c1bdcef54048a33 \
    --hash=sha256:d01029d54ff1f45c195b1f7e6fbf6e58fb7e7e12cda9a6e639570d9c581decb2 \
    --hash=sha256:d06dbbfe8da01a0574de27afc19915bb3e7dddfbd184bb97e958f94051d8531b \
    --hash=sha256:d14d04058923d526a552fc3ebe8b0b0353c19516431cee196502b53119278fd9 \
    --hash=sha256:d187f43d1c5b844adc871c5b8c22b4aa12a116aaca4e9bd1521bc9ce479aae1f \
    --hash=sha256:d1d084e92d0f4a096a5155b23d1ac603db8073ef98a3d1384badf1455e5ae742 \
    --hash=sha256:d8354fbbe2abf0fb724b9303bef43bfd9b7a2779332813fa6d6559983954e7d8 \
    --hash=sha256:dcbd1fe5083315243447c13f7252ae9fe9d128b1ae2857e3a916c609235dd863 \
    --hash=sha256:dec0dafc116ac29a84d143fdbc3b83fdb5d4ed339276be2251154537ab30e14d \
    --hash=sha256:e15bb1535f68a27f28e579ba3a8f74e7b05d350c45f5622b76a311d5a19ae48a \
    --hash=sha256:e41f9d1d9240e8e0d8a670ad3e66c0c00f0b1f7150a31bc6c445a4f87c1cb3ba \
    --hash=sha256:e58acd43ac8d3905659c1d5309318dd576243e723dd7c3b5dd4f555479b77d4b \
    --hash=sha256:eadf95aab7301ac651628f097e521d742d0fb5f732155ebfd00d07933045d81c \
    --hash=sha256:ec786cb9d597dd75d993f8c1273e31bb2114c9bc22f67fba611e654e8347701b \
    --hash=sha256:ed557fa2744617eac3e34dd39b85037efbf23cd33f06851c00fdb8f18ad8f4c2 \
    --hash=sha256:ee9913fa2b5bfa6111c11158cf481bb13544f8bd5d10382fb6ee2612b16fcf28 \
    --hash=sha256:f0af2d2f745ec00a6616c4dfba4477f9156ccfb45690f6ffa5fd34f42e871ed4 \
    --hash=sha256:f12d9690634414fc04b1a7072fdc35c34a9242232c1851fe4518383578bb09d4 \
    --hash=sha256:f187030fc3d62c668feb0f09e92852e0eb414d7fcefc4748f2e67d245aade37e \
    --hash=sha256:f3abcabb04503023e1053add24472e78878de0bfd5c8a93686be01f4032c363c \
    --hash=sha256:f44107b5fdfecc03438feb165431652c8006650471326e53dd86d4c19124f5c5 \
    --hash=sha256:f517a417cd02aa8fb05b603a0ac6d87b7b004c3ba4fcd279cad25cab7229043b \
    --hash=sha256:f8cc61ad94215ab98e5cbcdea2cfde45e11bb0136ee980e1240b721635e55790 \
    --hash=sha256:f8df36f964c21168e345f914855e3b428e2cb6e1f739c8ef5963b77d86dd84ae
    # via pydantic
pydantic-settings==2.15.0 \
    --hash=sha256:0ba092c291c94baceb5eff768aa0d56400a457585bc0175925a5a5510303da42 \
    --hash=sha256:694b793e84f766ba76a90ebdefc01d0a9a045dab0382bee70393da93712ad117
    # via -r requirements.txt
python-dotenv==1.2.4 \
    --hash=sha256:42269a8a5b3fd54ffa6f3d84b18abed50064717576b4ecf03dc4a55d8aa04fdc \
    --hash=sha256:f0d53e69935a851c0dcc78f3ab7aaccd8cabef0b92382b576b824212902873c0
    # via
    #   -r requirements.txt
    #   pydantic-settings
redis==8.1.0 \
    --hash=sha256:6e1a19beef9225c83efd689c7e6b7da2d5215b1f42cd13b7fc3714d0a09c7b25 \
    --hash=sha256:a4fe1aac3d3b3cc791d4b3d5931c5a956045dc951ee74d1c913ee3ac4d2ee9fb
    # via -r requirements.txt
typing-extensions==4.16.0 \
    --hash=sha256:481caa481374e813c1b176ada14e97f1f67a4539ce9cfeb3f350d78d6370c2e8 \
    --hash=sha256:dc983d19a509c94dba722ee6abd33940f7c05a89e243c47e907eb4db6f1a43e5
    # via
    #   pydantic
    #   pydantic-core
    #   typing-inspection
typing-inspection==0.4.4 \
    --hash=sha256:547274fa6b0a561ccf549cc9524b999a578e737d015d8709d021f9d0d13bea47 \
    --hash=sha256:65b8397ba37ccbce054456aaccddfc91e6e3083c92824df348d96ca832f3f147
    # via
    #   pydantic
    #   pydantic-settings
zstandard==0.25.0 \
    --hash=sha256:011d388c76b11a0c165374ce660ce2c8efa8e5d87f34996aa80f9c0816698b64 \
    --hash=sha256:01582723b3ccd6939ab7b3a78622c573799d5d8737b534b86d0e06ac18dbde4a \
    --hash=sha256:05353cef599a7b0b98baca9b068dd36810c3ef0f42bf282583f438caf6ddcee3 \
    --hash=sha256:05df5136bc5a011f33cd25bc9f506e7426c0c9b3f9954f056831ce68f3b6689f \
    --hash=sha256:06acb75eebeedb77b69048031282737717a63e71e4ae3f77cc0c3b9508320df6 \
    --hash=sha256:07b527a69c1e1c8b5ab1ab14e2afe0675614a09182213f21a0717b62027b5936 \
    --hash=sha256:0bbc9a0c65ce0eea3c34a691e3c4b6889f5f3909ba4822ab385fab9057099431 \
    --hash=sha256:0be7622c37c183406f3dbf0cba104118eb16a4ea7359eeb5752f0794882fc250 \
    --hash=sha256:106281ae350e494f4ac8a80470e66d1fe27e497052c8d9c3b95dc4cf1ade81aa \
    --hash=sha256:10ef2a79ab8e2974e2075fb984e5b9806c64134810fac21576f0668e7ea19f8f \
    --hash=sha256:1673b7199bbe763365b81a4f3252b8e80f44c9e323fc42940dc8843bfeaf9851 \
    --hash=sha256:172de1f06947577d3a3005416977cce6168f2261284c02080e7ad0185faeced3 \
    --hash=sha256:181eb40e0b6a29b3cd2849f825e0fa34397f649170673d385f3598ae17cca2e9 \
    --hash=sha256:1869da9571d5e94a85a5e8d57e4e8807b175c9e4a6294e3b66fa4efb074d90f6 \
    --hash=sha256:19796b39075201d51d5f5f790bf849221e58b48a39a5fc74837675d8bafc7362 \
    --hash=sha256:1cd5da4d8e8ee0e88be976c294db744773459d51bb32f707a0f166e5ad5c8649 \
    --hash=sha256:1f3689581a72eaba9131b1d9bdbfe520ccd169999219b41000ede2fca5c1bfdb \
    --hash=sha256:1f830a0dac88719af0ae43b8b2d6aef487d437036468ef3c2ea59c51f9d55fd5 \
    --hash=sha256:223415140608d0f0da010499eaa8ccdb9af210a543fac54bce15babbcfc78439 \
    --hash=sha256:22a06c5df3751bb7dc67406f5374734ccee8ed37fc5981bf1ad7041831fa1137 \
    --hash=sha256:22a086cff1b6ceca18a8dd6096ec631e430e93a8e70a9ca5efa7561a00f826fa \
    --hash=sha256:23ebc8f17a03133b4426bcc04aabd68f8236eb78c3760f12783385171b0fd8bd \
    --hash=sha256:25f8f3cd45087d089aef5ba3848cd9efe3ad41163d3400862fb42f81a3a46701 \
    --hash=sha256:2b6bd67528ee8b5c5f10255735abc21aa106931f0dbaf297c7be0c886353c3d0 \
    --hash=sha256:2e54296a283f3ab5a26fc9b8b5d4978ea0532f37b231644f367aa588930aa043 \
    --hash=sha256:3756b3e9da9b83da1796f8809dd57cb024f838b9eeafde28f3cb472012797ac1 \
    --hash=sha256:37daddd452c0ffb65da00620afb8e17abd4adaae6ce6310702841760c2c26860 \
    --hash=sha256:3a39c94ad7866160a4a46d772e43311a743c316942037671beb264e395bdd611 \
    --hash=sha256:3b870ce5a02d4b22286cf4944c628e0f0881b11b3f14667c1d62185a99e04f53 \
    --hash=sha256:3c83b0188c852a47cd13ef3bf9209fb0a77fa5374958b8c53aaa699398c6bd7b \
    --hash=sha256:4203ce3b31aec23012d3a4cf4a2ed64d12fea5269c49aed5e4c3611b938e4088 \
    --hash=sha256:457ed498fc58cdc12fc48f7950e02740d4f7ae9493dd4ab2168a47c93c31298e \
    --hash=sha256:474d2596a2dbc241a556e965fb76002c1ce655445e4e3bf38e5477d413165ffa \
    --hash=sha256:4b14abacf83dfb5c25eb4e4a79520de9e7e205f72c9ee7702f91233ae57d33a2 \
    --hash=sha256:4b6d83057e713ff235a12e73916b6d356e3084fd3d14ced499d84240f3eecee0 \
    --hash=sha256:4d441506e9b372386a5271c64125f72d5df6d2a8e8a2a45a0ae09b03cb781ef7 \
    --hash=sha256:4f187a0bb61b35119d1926aee039524d1f93aaf38a9916b8c4b78ac8514a0aaf \
    --hash=sha256:51526324f1b23229001eb3735bc8c94f9c578b1bd9e867a0a646a3b17109f388 \
    --hash=sha256:53e08b2445a6bc241261fea89d065536f00a581f02535f8122eba42db9375530 \
    --hash=sha256:53f94448fe5b10ee75d246497168e5825135d54325458c4bfffbaafabcc0a577 \
    --hash=sha256:5a56ba0db2d244117ed744dfa8f6f5b366e14148e00de44723413b2f3938a902 \
    --hash=sha256:5f1ad7bf88535edcf30038f6919abe087f606f62c00a87d7e33e7fc57cb69fcc \
    --hash=sha256:5f5e4c2a23ca271c218ac025bd7d635597048b366d6f31f420aaeb715239fc98 \
    --hash=sha256:6a573a35693e03cf1d67799fd01b50ff578515a8aeadd4595d2a7fa9f3ec002a \
    --hash=sha256:6c0e5a65158a7946e7a7affa6418878ef97ab66636f13353b8502d7ea03c8097 \
    --hash=sha256:6dffecc361d079bb48d7caef5d673c88c8988d3d33fb74ab95b7ee6da42652ea \
    --hash=sha256:7030defa83eef3e51ff26f0b7bfb229f0204b66fe18e04359ce3474ac33cbc09 \
    --hash=sha256:7149623bba7fdf7e7f24312953bcf73cae103db8cae49f8154dd1eadc8a29ecb \
    --hash=sha256:72d35d7aa0bba323965da807a462b0966c91608ef3a48ba761678cb20ce5d8b7 \
    --hash=sha256:75ffc32a569fb049499e63ce68c743155477610532da1eb38e7f24bf7cd29e74 \
    --hash=sha256:7713e1179d162cf5c7906da876ec2ccb9c3a9dcbdffef0cc7f70c3667a205f0b \
    --hash=sha256:78228d8a6a1c177a96b94f7e2e8d012c55f9c760761980da16ae7546a15a8e9b \
    --hash=sha256:7b3c3a3ab9daa3eed242d6ecceead93aebbb8f5f84318d82cee643e019c4b73b \
    --hash=sha256:809c5bcb2c67cd0ed81e9229d227d4ca28f82d0f778fc5fea624a9def3963f91 \
    --hash=sha256:81dad8d145d8fd981b2962b686b2241d3a1ea07733e76a2f15435dfb7fb60150 \
    --hash=sha256:85304a43f4d513f5464ceb938aa02c1e78c2943b29f44a750b48b25ac999a049 \
    --hash=sha256:89c4b48479a43f820b749df49cd7ba2dbc2b1b78560ecb5ab52985574fd40b27 \
    --hash=sha256:8e735494da3db08694d26480f1493ad2cf86e99bdd53e8e9771b2752a5c0246a \
    --hash=sha256:913cbd31a400febff93b564a23e17c3ed2d56c064006f54efec210d586171c00 \
    --hash=sha256:9174f4ed06f790a6869b41cba05b43eeb9a35f8993c4422ab853b705e8112bbd \
    --hash=sha256:9300d02ea7c6506f00e627e287e0492a5eb0371ec1670ae852fefffa6164b072 \
    --hash=sha256:933b65d7680ea337180733cf9e87293cc5500cc0eb3fc8769f4d3c88d724ec5c \
    --hash=sha256:9654dbc012d8b06fc3d19cc825af3f7bf8ae242226df5f83936cb39f5fdc846c \
    --hash=sha256:98750a309eb2f020da61e727de7d7ba3c57c97cf6213f6f6277bb7fb42a8e065 \
    --hash=sha256:99c0c846e6e61718715a3c9437ccc625de26593fea60189567f0118dc9db7512 \
    --hash=sha256:a1a4ae2dec3993a32247995bdfe367fc3266da832d82f8438c8570f989753de1 \
    --hash=sha256:a3f79487c687b1fc69f19e487cd949bf3aae653d181dfb5fde3bf6d18894706f \
    --hash=sha256:a4089a10e598eae6393756b036e0f419e8c1d60f44a831520f9af41c14216cf2 \
    --hash=sha256:a51ff14f8017338e2f2e5dab738ce1ec3b5a851f23b18c1ae1359b1eecbee6df \
    --hash=sha256:a5a419712cf88862a45a23def0ae063686db3d324cec7edbe40509d1a79a0aab \
    --hash=sha256:a9ec8c642d1ec73287ae3e726792dd86c96f5681eb8df274a757bf62b750eae7 \
    --hash=sha256:aaf21ba8fb76d102b696781bddaa0954b782536446083ae3fdaa6f16b25a1c4b \
    --hash=sha256:ab85470ab54c2cb96e176f40342d9ed41e58ca5733be6a893b730e7af9c40550 \
    --hash=sha256:b9af1fe743828123e12b41dd8091eca1074d0c1569cc42e6e1eee98027f2bbd0 \
    --hash=sha256:bfc4e20784722098822e3eee42b8e576b379ed72cca4a7cb856ae733e62192ea \
    --hash=sha256:bfd06b1c5584b657a2892a6014c2f4c20e0db0208c159148fa78c65f7e0b0277 \
    --hash=sha256:c19bcdd826e95671065f8692b5a4aa95c52dc7a02a4c5a0cac46deb879a017a2 \
    --hash=sha256:c2ba942c94e0691467ab901fc51b6f2085ff48f2eea77b1a48240f011e8247c7 \
    --hash=sha256:c8e167d5adf59476fa3e37bee730890e389410c354771a62e3c076c86f9f7778 \
    --hash=sha256:ca54090275939dc8ec5dea2d2afb400e0f83444b2fc24e07df7fdef677110859 \
    --hash=sha256:d7541afd73985c630bafcd6338d2518ae96060075f9463d7dc14cfb33514383d \
    --hash=sha256:d8c56bb4e6c795fc77d74d8e8b80846e1fb8292fc0b5060cd8131d522974b751 \
    --hash=sha256:da469dc041701583e34de852d8634703550348d5822e66a0c827d39b05365b12 \
    --hash=sha256:daab68faadb847063d0c56f361a289c4f268706b598afbf9ad113cbe5c38b6b2 \
    --hash=sha256:e05ab82ea7753354bb054b92e2f288afb750e6b439ff6ca78af52939ebbc476d \
    --hash=sha256:e09bb6252b6476d8d56100e8147b803befa9a12cea144bbe629dd508800d1ad0 \
    --hash=sha256:e29f0cf06974c899b2c188ef7f783607dbef36da4c242eb6c82dcd8b512855e3 \
    --hash=sha256:e59fdc271772f6686e01e1b3b74537259800f57e24280be3f29c8a0deb1904dd \
    --hash=sha256:e7360eae90809efd19b886e59a09dad07da4ca9ba096752e61a2e03c8aca188e \
    --hash=sha256:e96594a5537722fdfb79951672a2a63aec5ebfb823e7560586f7484819f2a08f \
    --hash=sha256:ea9d54cc3d8064260114a0bbf3479fc4a98b21dffc89b3459edd506b69262f6e \
    --hash=sha256:ec996f12524f88e151c339688c3897194821d7f03081ab35d31d1e12ec975e94 \
    --hash=sha256:f27662e4f7dbf9f9c12391cb37b4c4c3cb90ffbd3b1fb9284dadbbb8935fa708 \
    --hash=sha256:f373da2c1757bb7f1acaf09369cdc1d51d84131e50d5fa9863982fd626466313 \
    --hash=sha256:f5aeea11ded7320a84dcdd62a3d95b5186834224a9e55b92ccae35d21a8b63d4 \
    --hash=sha256:f604efd28f239cc21b3adb53eb061e2a205dc164be408e553b41ba2ffe0ca15c \
    --hash=sha256:f67e8f1a324a900e75b5e28ffb152bcac9fbed1cc7b43f99cd90f395c4375344 \
    --hash=sha256:fd7a5004eb1980d3cefe26b2685bcb0b17989901a70a1040d1ac86f1d898c551 \
    --hash=sha256:ffef5a74088f1e09947aecf91011136665152e0b4b359c42be3373897fb39b01
    # via -r requirements.txt
